
Microsoft Visual Studio Solution File, Format Version 12.00
# Visual Studio Version 17
VisualStudioVersion = 17.1.32210.238
MinimumVisualStudioVersion = 10.0.40219.1
Project("{FAE04EC0-301F-11D3-BF4B-00C04F79EFBC}") = "LotsOfLinq", "LotsOfLinq\LotsOfLinq.csproj", "{B044889B-27AD-49E0-9945-175662587090}"
EndProject
Global
	GlobalSection(SolutionConfigurationPlatforms) = preSolution
		Debug|Any CPU = Debug|Any CPU
		Release|Any CPU = Release|Any CPU
	EndGlobalSection
	GlobalSection(ProjectConfigurationPlatforms) = postSolution
		{B044889B-27AD-49E0-9945-175662587090}.Debug|Any CPU.ActiveCfg = Debug|Any CPU
		{B044889B-27AD-49E0-9945-175662587090}.Debug|Any CPU.Build.0 = Debug|Any CPU
		{B044889B-27AD-49E0-9945-175662587090}.Release|Any CPU.ActiveCfg = Release|Any CPU
		{B044889B-27AD-49E0-9945-175662587090}.Release|Any CPU.Build.0 = Release|Any CPU
	EndGlobalSection
	GlobalSection(SolutionProperties) = preSolution
		HideSolutionNode = FALSE
	EndGlobalSection
	GlobalSection(ExtensibilityGlobals) = postSolution
		SolutionGuid = {56D70D3F-375C-4C58-81DC-6AC8E2B0E381}
	EndGlobalSection
EndGlobal
